
Microsoft Visual Studio Solution File, Format Version 12.00
# Visual Studio Version 17
VisualStudioVersion = 17.1.32328.378
MinimumVisualStudioVersion = 10.0.40219.1
Project("{9A19103F-16F7-4668-BE54-9A1E7A4F7556}") = "MyAppWeb", "MyAppWeb\MyAppWeb.csproj", "{1B11F3DC-A958-4F83-A74D-D0960ED7BF0E}"
EndProject
Project("{FAE04EC0-301F-11D3-BF4B-00C04F79EFBC}") = "MyAppModels", "MyAppModels\MyAppModels.csproj", "{96370BFE-3933-49DA-A145-FCB05CBCF3D4}"
EndProject
Project("{FAE04EC0-301F-11D3-BF4B-00C04F79EFBC}") = "MyApp.DataAccessLayer", "MyApp.DataAccessLayer\MyApp.DataAccessLayer.csproj", "{CDC5684B-BC26-481C-BE83-1AB00CF6971A}"
EndProject
Global
	GlobalSection(SolutionConfigurationPlatforms) = preSolution
		Debug|Any CPU = Debug|Any CPU
		Release|Any CPU = Release|Any CPU
	EndGlobalSection
	GlobalSection(ProjectConfigurationPlatforms) = postSolution
		{1B11F3DC-A958-4F83-A74D-D0960ED7BF0E}.Debug|Any CPU.ActiveCfg = Debug|Any CPU
		{1B11F3DC-A958-4F83-A74D-D0960ED7BF0E}.Debug|Any CPU.Build.0 = Debug|Any CPU
		{1B11F3DC-A958-4F83-A74D-D0960ED7BF0E}.Release|Any CPU.ActiveCfg = Release|Any CPU
		{1B11F3DC-A958-4F83-A74D-D0960ED7BF0E}.Release|Any CPU.Build.0 = Release|Any CPU
		{96370BFE-3933-49DA-A145-FCB05CBCF3D4}.Debug|Any CPU.ActiveCfg = Debug|Any CPU
		{96370BFE-3933-49DA-A145-FCB05CBCF3D4}.Debug|Any CPU.Build.0 = Debug|Any CPU
		{96370BFE-3933-49DA-A145-FCB05CBCF3D4}.Release|Any CPU.ActiveCfg = Release|Any CPU
		{96370BFE-3933-49DA-A145-FCB05CBCF3D4}.Release|Any CPU.Build.0 = Release|Any CPU
		{CDC5684B-BC26-481C-BE83-1AB00CF6971A}.Debug|Any CPU.ActiveCfg = Debug|Any CPU
		{CDC5684B-BC26-481C-BE83-1AB00CF6971A}.Debug|Any CPU.Build.0 = Debug|Any CPU
		{CDC5684B-BC26-481C-BE83-1AB00CF6971A}.Release|Any CPU.ActiveCfg = Release|Any CPU
		{CDC5684B-BC26-481C-BE83-1AB00CF6971A}.Release|Any CPU.Build.0 = Release|Any CPU
	EndGlobalSection
	GlobalSection(SolutionProperties) = preSolution
		HideSolutionNode = FALSE
	EndGlobalSection
	GlobalSection(ExtensibilityGlobals) = postSolution
		SolutionGuid = {94076CDC-34C4-41C6-B8CC-A27DD87252F2}
	EndGlobalSection
EndGlobal
